
Microsoft Visual Studio Solution File, Format Version 12.00
# Visual Studio 15
VisualStudioVersion = 15.0.26228.9
MinimumVisualStudioVersion = 10.0.40219.1
Project("{FAE04EC0-301F-11D3-BF4B-00C04F79EFBC}") = "Cotton", "SoftEngine\Cotton.csproj", "{E59C84BC-86C0-4EC7-A844-DB87AD8558FC}"
EndProject
Project("{FAE04EC0-301F-11D3-BF4B-00C04F79EFBC}") = "CottonWPF", "SoftEngineWPF\CottonWPF.csproj", "{BEEE8432-78D7-4C0F-B14D-2D3E10997268}"
EndProject
Project("{FAE04EC0-301F-11D3-BF4B-00C04F79EFBC}") = "CottonWinForms", "CottonWinForms\CottonWinForms.csproj", "{AD0BA457-5BB7-415B-B875-3D1C46E33588}"
EndProject
Global
	GlobalSection(SolutionConfigurationPlatforms) = preSolution
		Debug|Any CPU = Debug|Any CPU
		Release|Any CPU = Release|Any CPU
	EndGlobalSection
	GlobalSection(ProjectConfigurationPlatforms) = postSolution
		{E59C84BC-86C0-4EC7-A844-DB87AD8558FC}.Debug|Any CPU.ActiveCfg = Debug|Any CPU
		{E59C84BC-86C0-4EC7-A844-DB87AD8558FC}.Debug|Any CPU.Build.0 = Debug|Any CPU
		{E59C84BC-86C0-4EC7-A844-DB87AD8558FC}.Release|Any CPU.ActiveCfg = Release|Any CPU
		{E59C84BC-86C0-4EC7-A844-DB87AD8558FC}.Release|Any CPU.Build.0 = Release|Any CPU
		{BEEE8432-78D7-4C0F-B14D-2D3E10997268}.Debug|Any CPU.ActiveCfg = Debug|Any CPU
		{BEEE8432-78D7-4C0F-B14D-2D3E10997268}.Debug|Any CPU.Build.0 = Debug|Any CPU
		{BEEE8432-78D7-4C0F-B14D-2D3E10997268}.Release|Any CPU.ActiveCfg = Release|Any CPU
		{BEEE8432-78D7-4C0F-B14D-2D3E10997268}.Release|Any CPU.Build.0 = Release|Any CPU
		{AD0BA457-5BB7-415B-B875-3D1C46E33588}.Debug|Any CPU.ActiveCfg = Debug|Any CPU
		{AD0BA457-5BB7-415B-B875-3D1C46E33588}.Debug|Any CPU.Build.0 = Debug|Any CPU
		{AD0BA457-5BB7-415B-B875-3D1C46E33588}.Release|Any CPU.ActiveCfg = Release|Any CPU
		{AD0BA457-5BB7-415B-B875-3D1C46E33588}.Release|Any CPU.Build.0 = Release|Any CPU
	EndGlobalSection
	GlobalSection(SolutionProperties) = preSolution
		HideSolutionNode = FALSE
	EndGlobalSection
EndGlobal
